
Microsoft Visual Studio Solution File, Format Version 12.00
# Visual Studio Version 16
VisualStudioVersion = 16.0.31702.278
MinimumVisualStudioVersion = 10.0.40219.1
Project("{FAE04EC0-301F-11D3-BF4B-00C04F79EFBC}") = "WinTool-json", "WinTool-json.csproj", "{2BD90BE7-6F45-4BF0-9B16-F90CB60F895F}"
EndProject
Global
	GlobalSection(SolutionConfigurationPlatforms) = preSolution
		Debug|Any CPU = Debug|Any CPU
		Release|Any CPU = Release|Any CPU
	EndGlobalSection
	GlobalSection(ProjectConfigurationPlatforms) = postSolution
		{2BD90BE7-6F45-4BF0-9B16-F90CB60F895F}.Debug|Any CPU.ActiveCfg = Debug|Any CPU
		{2BD90BE7-6F45-4BF0-9B16-F90CB60F895F}.Debug|Any CPU.Build.0 = Debug|Any CPU
		{2BD90BE7-6F45-4BF0-9B16-F90CB60F895F}.Release|Any CPU.ActiveCfg = Release|Any CPU
		{2BD90BE7-6F45-4BF0-9B16-F90CB60F895F}.Release|Any CPU.Build.0 = Release|Any CPU
	EndGlobalSection
	GlobalSection(SolutionProperties) = preSolution
		HideSolutionNode = FALSE
	EndGlobalSection
	GlobalSection(ExtensibilityGlobals) = postSolution
		SolutionGuid = {FE3E09B7-221F-4FDE-AF5A-F9263B854967}
	EndGlobalSection
EndGlobal
